<?xml version="1.0" encoding="utf-8"?>
<Project ToolsVersion="4.0" xmlns="http://schemas.microsoft.com/developer/msbuild/2003">
  <ItemGroup>
    <ClInclude Include="pch.hpp" />
    <ClInclude Include="NetParams.hpp" />
    <ClInclude Include="TxOutPoint.hpp">
      <Filter>Tx</Filter>
    </ClInclude>
    <ClInclude Include="TxIn.hpp">
      <Filter>Tx</Filter>
    </ClInclude>
    <ClInclude Include="TxOut.hpp">
      <Filter>Tx</Filter>
    </ClInclude>
    <ClInclude Include="UnspentTxOut.hpp">
      <Filter>Tx</Filter>
    </ClInclude>
    <ClInclude Include="Tx.hpp">
      <Filter>Tx</Filter>
    </ClInclude>
    <ClInclude Include="BinaryBuffer.hpp" />
    <ClInclude Include="ISerializable.hpp" />
    <ClInclude Include="Chain.hpp">
      <Filter>BlockChain</Filter>
    </ClInclude>
    <ClInclude Include="Block.hpp">
      <Filter>BlockChain</Filter>
    </ClInclude>
    <ClInclude Include="MerkleTree.hpp">
      <Filter>BlockChain</Filter>
    </ClInclude>
    <ClInclude Include="Utils.hpp" />
    <ClInclude Include="PoW.hpp">
      <Filter>BlockChain</Filter>
    </ClInclude>
    <ClInclude Include="Mempool.hpp">
      <Filter>BlockChain</Filter>
    </ClInclude>
    <ClInclude Include="Base58.hpp">
      <Filter>Crypto</Filter>
    </ClInclude>
    <ClInclude Include="SHA256.hpp">
      <Filter>Crypto</Filter>
    </ClInclude>
    <ClInclude Include="RIPEMD160.hpp">
      <Filter>Crypto</Filter>
    </ClInclude>
    <ClInclude Include="ECDSA.hpp">
      <Filter>Crypto</Filter>
    </ClInclude>
    <ClInclude Include="Exceptions.hpp" />
    <ClInclude Include="IDeserializable.hpp" />
    <ClInclude Include="GetBlockMsg.hpp">
      <Filter>P2P</Filter>
    </ClInclude>
    <ClInclude Include="IHandleable.hpp">
      <Filter>P2P</Filter>
    </ClInclude>
    <ClInclude Include="NetClient.hpp">
      <Filter>P2P</Filter>
    </ClInclude>
    <ClInclude Include="Log.hpp" />
    <ClInclude Include="InvMsg.hpp">
      <Filter>P2P</Filter>
    </ClInclude>
    <ClInclude Include="GetUTXOsMsg.hpp">
      <Filter>P2P</Filter>
    </ClInclude>
    <ClInclude Include="GetMempoolMsg.hpp">
      <Filter>P2P</Filter>
    </ClInclude>
    <ClInclude Include="GetActiveChainMsg.hpp">
      <Filter>P2P</Filter>
    </ClInclude>
    <ClInclude Include="AddPeerMsg.hpp">
      <Filter>P2P</Filter>
    </ClInclude>
    <ClInclude Include="Opcodes.hpp">
      <Filter>P2P</Filter>
    </ClInclude>
    <ClInclude Include="IMsg.hpp">
      <Filter>P2P</Filter>
    </ClInclude>
    <ClInclude Include="TxInfoMsg.hpp">
      <Filter>P2P</Filter>
    </ClInclude>
    <ClInclude Include="BlockInfoMsg.hpp">
      <Filter>P2P</Filter>
    </ClInclude>
    <ClInclude Include="Wallet.hpp">
      <Filter>Crypto</Filter>
    </ClInclude>
    <ClInclude Include="HashChecker.hpp">
      <Filter>Crypto</Filter>
    </ClInclude>
    <ClInclude Include="Random.hpp" />
    <ClInclude Include="SendActiveChainMsg.hpp">
      <Filter>P2P</Filter>
    </ClInclude>
    <ClInclude Include="SendMempoolMsg.hpp">
      <Filter>P2P</Filter>
    </ClInclude>
    <ClInclude Include="SendUTXOsMsg.hpp">
      <Filter>P2P</Filter>
    </ClInclude>
    <ClInclude Include="MsgCache.hpp">
      <Filter>P2P</Filter>
    </ClInclude>
    <ClInclude Include="MsgSerializer.hpp">
      <Filter>P2P</Filter>
    </ClInclude>
    <ClInclude Include="Connection.hpp">
      <Filter>P2P</Filter>
    </ClInclude>
  </ItemGroup>
  <ItemGroup>
    <ClCompile Include="pch.cpp" />
    <ClCompile Include="Tx.cpp">
      <Filter>Tx</Filter>
    </ClCompile>
    <ClCompile Include="BinaryBuffer.cpp" />
    <ClCompile Include="UnspentTxOut.cpp">
      <Filter>Tx</Filter>
    </ClCompile>
    <ClCompile Include="TxOutPoint.cpp">
      <Filter>Tx</Filter>
    </ClCompile>
    <ClCompile Include="TxIn.cpp">
      <Filter>Tx</Filter>
    </ClCompile>
    <ClCompile Include="TxOut.cpp">
      <Filter>Tx</Filter>
    </ClCompile>
    <ClCompile Include="Chain.cpp">
      <Filter>BlockChain</Filter>
    </ClCompile>
    <ClCompile Include="Block.cpp">
      <Filter>BlockChain</Filter>
    </ClCompile>
    <ClCompile Include="MerkleTree.cpp">
      <Filter>BlockChain</Filter>
    </ClCompile>
    <ClCompile Include="Utils.cpp" />
    <ClCompile Include="PoW.cpp">
      <Filter>BlockChain</Filter>
    </ClCompile>
    <ClCompile Include="Mempool.cpp">
      <Filter>BlockChain</Filter>
    </ClCompile>
    <ClCompile Include="Base58.cpp">
      <Filter>Crypto</Filter>
    </ClCompile>
    <ClCompile Include="SHA256.cpp">
      <Filter>Crypto</Filter>
    </ClCompile>
    <ClCompile Include="RIPEMD160.cpp">
      <Filter>Crypto</Filter>
    </ClCompile>
    <ClCompile Include="ECDSA.cpp">
      <Filter>Crypto</Filter>
    </ClCompile>
    <ClCompile Include="Exceptions.cpp" />
    <ClCompile Include="Log.cpp" />
    <ClCompile Include="NetClient.cpp">
      <Filter>P2P</Filter>
    </ClCompile>
    <ClCompile Include="GetBlockMsg.cpp">
      <Filter>P2P</Filter>
    </ClCompile>
    <ClCompile Include="InvMsg.cpp">
      <Filter>P2P</Filter>
    </ClCompile>
    <ClCompile Include="GetUTXOsMsg.cpp">
      <Filter>P2P</Filter>
    </ClCompile>
    <ClCompile Include="GetMempoolMsg.cpp">
      <Filter>P2P</Filter>
    </ClCompile>
    <ClCompile Include="GetActiveChainMsg.cpp">
      <Filter>P2P</Filter>
    </ClCompile>
    <ClCompile Include="AddPeerMsg.cpp">
      <Filter>P2P</Filter>
    </ClCompile>
    <ClCompile Include="TxInfoMsg.cpp">
      <Filter>P2P</Filter>
    </ClCompile>
    <ClCompile Include="BlockInfoMsg.cpp">
      <Filter>P2P</Filter>
    </ClCompile>
    <ClCompile Include="Wallet.cpp">
      <Filter>Crypto</Filter>
    </ClCompile>
    <ClCompile Include="HashChecker.cpp">
      <Filter>Crypto</Filter>
    </ClCompile>
    <ClCompile Include="Random.cpp" />
    <ClCompile Include="SendUTXOsMsg.cpp">
      <Filter>P2P</Filter>
    </ClCompile>
    <ClCompile Include="SendActiveChainMsg.cpp">
      <Filter>P2P</Filter>
    </ClCompile>
    <ClCompile Include="SendMempoolMsg.cpp">
      <Filter>P2P</Filter>
    </ClCompile>
    <ClCompile Include="MsgCache.cpp">
      <Filter>P2P</Filter>
    </ClCompile>
    <ClCompile Include="MsgSerializer.cpp">
      <Filter>P2P</Filter>
    </ClCompile>
    <ClCompile Include="Connection.cpp">
      <Filter>P2P</Filter>
    </ClCompile>
  </ItemGroup>
  <ItemGroup>
    <Filter Include="Tx">
      <UniqueIdentifier>{e7c57d4d-7708-49e5-9b03-7a597f8641a0}</UniqueIdentifier>
    </Filter>
    <Filter Include="BlockChain">
      <UniqueIdentifier>{9e1de725-5690-4d01-92b4-d076cf6a936c}</UniqueIdentifier>
    </Filter>
    <Filter Include="Crypto">
      <UniqueIdentifier>{91fcc96a-0943-4f1f-8e07-81f38e2e4780}</UniqueIdentifier>
    </Filter>
    <Filter Include="P2P">
      <UniqueIdentifier>{2db9a08f-e73f-4a04-be5c-6807dd3d1d35}</UniqueIdentifier>
    </Filter>
  </ItemGroup>
</Project>