<?xml version="1.0" encoding="utf-8"?>
<Project ToolsVersion="4.0" xmlns="http://schemas.microsoft.com/developer/msbuild/2003">
  <ItemGroup>
    <ClInclude Include="pch.hpp" />
    <ClInclude Include="NetParams.hpp" />
    <ClInclude Include="TxOutPoint.hpp">
      <Filter>Tx</Filter>
    </ClInclude>
    <ClInclude Include="TxIn.hpp">
      <Filter>Tx</Filter>
    </ClInclude>
    <ClInclude Include="TxOut.hpp">
      <Filter>Tx</Filter>
    </ClInclude>
    <ClInclude Include="UnspentTxOut.hpp">
      <Filter>Tx</Filter>
    </ClInclude>
    <ClInclude Include="Transaction.hpp">
      <Filter>Tx</Filter>
    </ClInclude>
    <ClInclude Include="BinaryBuffer.hpp" />
    <ClInclude Include="ISerializable.hpp" />
  </ItemGroup>
  <ItemGroup>
    <ClCompile Include="pch.cpp" />
    <ClCompile Include="Transaction.cpp">
      <Filter>Tx</Filter>
    </ClCompile>
    <ClCompile Include="BinaryBuffer.cpp" />
    <ClCompile Include="UnspentTxOut.cpp">
      <Filter>Tx</Filter>
    </ClCompile>
    <ClCompile Include="TxOutPoint.cpp">
      <Filter>Tx</Filter>
    </ClCompile>
    <ClCompile Include="TxIn.cpp">
      <Filter>Tx</Filter>
    </ClCompile>
    <ClCompile Include="TxOut.cpp">
      <Filter>Tx</Filter>
    </ClCompile>
  </ItemGroup>
  <ItemGroup>
    <Filter Include="Tx">
      <UniqueIdentifier>{e7c57d4d-7708-49e5-9b03-7a597f8641a0}</UniqueIdentifier>
    </Filter>
  </ItemGroup>
</Project>