<?xml version="1.0" encoding="utf-8"?>
<Project ToolsVersion="4.0" xmlns="http://schemas.microsoft.com/developer/msbuild/2003">
  <ItemGroup>
    <ClInclude Include="pch.hpp" />
    <ClInclude Include="NetParams.hpp" />
    <ClInclude Include="TxOutPoint.hpp">
      <Filter>Tx</Filter>
    </ClInclude>
    <ClInclude Include="TxIn.hpp">
      <Filter>Tx</Filter>
    </ClInclude>
    <ClInclude Include="TxOut.hpp">
      <Filter>Tx</Filter>
    </ClInclude>
    <ClInclude Include="UnspentTxOut.hpp">
      <Filter>Tx</Filter>
    </ClInclude>
    <ClInclude Include="Tx.hpp">
      <Filter>Tx</Filter>
    </ClInclude>
    <ClInclude Include="BinaryBuffer.hpp" />
    <ClInclude Include="ISerializable.hpp" />
    <ClInclude Include="Chain.hpp">
      <Filter>BlockChain</Filter>
    </ClInclude>
    <ClInclude Include="Block.hpp">
      <Filter>BlockChain</Filter>
    </ClInclude>
    <ClInclude Include="MerkleTree.hpp">
      <Filter>BlockChain</Filter>
    </ClInclude>
    <ClInclude Include="Utils.hpp" />
    <ClInclude Include="PoW.hpp">
      <Filter>BlockChain</Filter>
    </ClInclude>
    <ClInclude Include="Mempool.hpp">
      <Filter>BlockChain</Filter>
    </ClInclude>
    <ClInclude Include="Base58.hpp">
      <Filter>Crypto</Filter>
    </ClInclude>
    <ClInclude Include="SHA256.hpp">
      <Filter>Crypto</Filter>
    </ClInclude>
    <ClInclude Include="RIPEMD160.hpp">
      <Filter>Crypto</Filter>
    </ClInclude>
    <ClInclude Include="ECDSA.hpp">
      <Filter>Crypto</Filter>
    </ClInclude>
    <ClInclude Include="Wallet.hpp">
      <Filter>Crypto</Filter>
    </ClInclude>
    <ClInclude Include="MessageSerializer.hpp" />
    <ClInclude Include="Exceptions.hpp" />
  </ItemGroup>
  <ItemGroup>
    <ClCompile Include="pch.cpp" />
    <ClCompile Include="Tx.cpp">
      <Filter>Tx</Filter>
    </ClCompile>
    <ClCompile Include="BinaryBuffer.cpp" />
    <ClCompile Include="UnspentTxOut.cpp">
      <Filter>Tx</Filter>
    </ClCompile>
    <ClCompile Include="TxOutPoint.cpp">
      <Filter>Tx</Filter>
    </ClCompile>
    <ClCompile Include="TxIn.cpp">
      <Filter>Tx</Filter>
    </ClCompile>
    <ClCompile Include="TxOut.cpp">
      <Filter>Tx</Filter>
    </ClCompile>
    <ClCompile Include="Chain.cpp">
      <Filter>BlockChain</Filter>
    </ClCompile>
    <ClCompile Include="Block.cpp">
      <Filter>BlockChain</Filter>
    </ClCompile>
    <ClCompile Include="MerkleTree.cpp">
      <Filter>BlockChain</Filter>
    </ClCompile>
    <ClCompile Include="Utils.cpp" />
    <ClCompile Include="PoW.cpp">
      <Filter>BlockChain</Filter>
    </ClCompile>
    <ClCompile Include="Mempool.cpp">
      <Filter>BlockChain</Filter>
    </ClCompile>
    <ClCompile Include="Base58.cpp">
      <Filter>Crypto</Filter>
    </ClCompile>
    <ClCompile Include="SHA256.cpp">
      <Filter>Crypto</Filter>
    </ClCompile>
    <ClCompile Include="RIPEMD160.cpp">
      <Filter>Crypto</Filter>
    </ClCompile>
    <ClCompile Include="ECDSA.cpp">
      <Filter>Crypto</Filter>
    </ClCompile>
    <ClCompile Include="Wallet.cpp">
      <Filter>Crypto</Filter>
    </ClCompile>
    <ClCompile Include="MessageSerializer.cpp" />
    <ClCompile Include="Exceptions.cpp" />
  </ItemGroup>
  <ItemGroup>
    <Filter Include="Tx">
      <UniqueIdentifier>{e7c57d4d-7708-49e5-9b03-7a597f8641a0}</UniqueIdentifier>
    </Filter>
    <Filter Include="BlockChain">
      <UniqueIdentifier>{9e1de725-5690-4d01-92b4-d076cf6a936c}</UniqueIdentifier>
    </Filter>
    <Filter Include="Crypto">
      <UniqueIdentifier>{91fcc96a-0943-4f1f-8e07-81f38e2e4780}</UniqueIdentifier>
    </Filter>
  </ItemGroup>
</Project>